
Microsoft Visual Studio Solution File, Format Version 12.00
# Visual Studio Version 17
VisualStudioVersion = 17.0.31903.59
MinimumVisualStudioVersion = 10.0.40219.1
Project("{2150E333-8FDC-42A3-9474-1A3956D46DE8}") = "src", "src", "{827E0CD3-B72D-47B6-A68D-7590B98EB39B}"
EndProject
Project("{FAE04EC0-301F-11D3-BF4B-00C04F79EFBC}") = "Jarvis.Core", "src\Jarvis.Core\Jarvis.Core.csproj", "{A175809B-F35F-4B44-BFC9-EA426CB9DD3D}"
EndProject
Project("{FAE04EC0-301F-11D3-BF4B-00C04F79EFBC}") = "Jarvis.Infrastructure", "src\Jarvis.Infrastructure\Jarvis.Infrastructure.csproj", "{E70DDE3C-D178-43C7-AE66-BABC322B4425}"
EndProject
Project("{FAE04EC0-301F-11D3-BF4B-00C04F79EFBC}") = "Jarvis.Host", "src\Jarvis.Host\Jarvis.Host.csproj", "{E32A03EB-DC99-4D93-A163-D3FA9F7D138D}"
EndProject
Project("{2150E333-8FDC-42A3-9474-1A3956D46DE8}") = "tests", "tests", "{0AB3BF05-4346-4AA6-1389-037BE0695223}"
EndProject
Project("{FAE04EC0-301F-11D3-BF4B-00C04F79EFBC}") = "Jarvis.Core.Tests", "tests\Jarvis.Core.Tests\Jarvis.Core.Tests.csproj", "{692468FA-B51C-4275-9773-B0EE3FCC2187}"
EndProject
Project("{FAE04EC0-301F-11D3-BF4B-00C04F79EFBC}") = "Jarvis.Infrastructure.Tests", "tests\Jarvis.Infrastructure.Tests\Jarvis.Infrastructure.Tests.csproj", "{B2478A47-3848-4A03-90CC-87B2A67C933B}"
EndProject
Global
	GlobalSection(SolutionConfigurationPlatforms) = preSolution
		Debug|Any CPU = Debug|Any CPU
		Debug|x64 = Debug|x64
		Debug|x86 = Debug|x86
		Release|Any CPU = Release|Any CPU
		Release|x64 = Release|x64
		Release|x86 = Release|x86
	EndGlobalSection
	GlobalSection(ProjectConfigurationPlatforms) = postSolution
		{A175809B-F35F-4B44-BFC9-EA426CB9DD3D}.Debug|Any CPU.ActiveCfg = Debug|Any CPU
		{A175809B-F35F-4B44-BFC9-EA426CB9DD3D}.Debug|Any CPU.Build.0 = Debug|Any CPU
		{A175809B-F35F-4B44-BFC9-EA426CB9DD3D}.Debug|x64.ActiveCfg = Debug|Any CPU
		{A175809B-F35F-4B44-BFC9-EA426CB9DD3D}.Debug|x64.Build.0 = Debug|Any CPU
		{A175809B-F35F-4B44-BFC9-EA426CB9DD3D}.Debug|x86.ActiveCfg = Debug|Any CPU
		{A175809B-F35F-4B44-BFC9-EA426CB9DD3D}.Debug|x86.Build.0 = Debug|Any CPU
		{A175809B-F35F-4B44-BFC9-EA426CB9DD3D}.Release|Any CPU.ActiveCfg = Release|Any CPU
		{A175809B-F35F-4B44-BFC9-EA426CB9DD3D}.Release|Any CPU.Build.0 = Release|Any CPU
		{A175809B-F35F-4B44-BFC9-EA426CB9DD3D}.Release|x64.ActiveCfg = Release|Any CPU
		{A175809B-F35F-4B44-BFC9-EA426CB9DD3D}.Release|x64.Build.0 = Release|Any CPU
		{A175809B-F35F-4B44-BFC9-EA426CB9DD3D}.Release|x86.ActiveCfg = Release|Any CPU
		{A175809B-F35F-4B44-BFC9-EA426CB9DD3D}.Release|x86.Build.0 = Release|Any CPU
		{E70DDE3C-D178-43C7-AE66-BABC322B4425}.Debug|Any CPU.ActiveCfg = Debug|Any CPU
		{E70DDE3C-D178-43C7-AE66-BABC322B4425}.Debug|Any CPU.Build.0 = Debug|Any CPU
		{E70DDE3C-D178-43C7-AE66-BABC322B4425}.Debug|x64.ActiveCfg = Debug|Any CPU
		{E70DDE3C-D178-43C7-AE66-BABC322B4425}.Debug|x64.Build.0 = Debug|Any CPU
		{E70DDE3C-D178-43C7-AE66-BABC322B4425}.Debug|x86.ActiveCfg = Debug|Any CPU
		{E70DDE3C-D178-43C7-AE66-BABC322B4425}.Debug|x86.Build.0 = Debug|Any CPU
		{E70DDE3C-D178-43C7-AE66-BABC322B4425}.Release|Any CPU.ActiveCfg = Release|Any CPU
		{E70DDE3C-D178-43C7-AE66-BABC322B4425}.Release|Any CPU.Build.0 = Release|Any CPU
		{E70DDE3C-D178-43C7-AE66-BABC322B4425}.Release|x64.ActiveCfg = Release|Any CPU
		{E70DDE3C-D178-43C7-AE66-BABC322B4425}.Release|x64.Build.0 = Release|Any CPU
		{E70DDE3C-D178-43C7-AE66-BABC322B4425}.Release|x86.ActiveCfg = Release|Any CPU
		{E70DDE3C-D178-43C7-AE66-BABC322B4425}.Release|x86.Build.0 = Release|Any CPU
		{E32A03EB-DC99-4D93-A163-D3FA9F7D138D}.Debug|Any CPU.ActiveCfg = Debug|Any CPU
		{E32A03EB-DC99-4D93-A163-D3FA9F7D138D}.Debug|Any CPU.Build.0 = Debug|Any CPU
		{E32A03EB-DC99-4D93-A163-D3FA9F7D138D}.Debug|x64.ActiveCfg = Debug|Any CPU
		{E32A03EB-DC99-4D93-A163-D3FA9F7D138D}.Debug|x64.Build.0 = Debug|Any CPU
		{E32A03EB-DC99-4D93-A163-D3FA9F7D138D}.Debug|x86.ActiveCfg = Debug|Any CPU
		{E32A03EB-DC99-4D93-A163-D3FA9F7D138D}.Debug|x86.Build.0 = Debug|Any CPU
		{E32A03EB-DC99-4D93-A163-D3FA9F7D138D}.Release|Any CPU.ActiveCfg = Release|Any CPU
		{E32A03EB-DC99-4D93-A163-D3FA9F7D138D}.Release|Any CPU.Build.0 = Release|Any CPU
		{E32A03EB-DC99-4D93-A163-D3FA9F7D138D}.Release|x64.ActiveCfg = Release|Any CPU
		{E32A03EB-DC99-4D93-A163-D3FA9F7D138D}.Release|x64.Build.0 = Release|Any CPU
		{E32A03EB-DC99-4D93-A163-D3FA9F7D138D}.Release|x86.ActiveCfg = Release|Any CPU
		{E32A03EB-DC99-4D93-A163-D3FA9F7D138D}.Release|x86.Build.0 = Release|Any CPU
		{692468FA-B51C-4275-9773-B0EE3FCC2187}.Debug|Any CPU.ActiveCfg = Debug|Any CPU
		{692468FA-B51C-4275-9773-B0EE3FCC2187}.Debug|Any CPU.Build.0 = Debug|Any CPU
		{692468FA-B51C-4275-9773-B0EE3FCC2187}.Debug|x64.ActiveCfg = Debug|Any CPU
		{692468FA-B51C-4275-9773-B0EE3FCC2187}.Debug|x64.Build.0 = Debug|Any CPU
		{692468FA-B51C-4275-9773-B0EE3FCC2187}.Debug|x86.ActiveCfg = Debug|Any CPU
		{692468FA-B51C-4275-9773-B0EE3FCC2187}.Debug|x86.Build.0 = Debug|Any CPU
		{692468FA-B51C-4275-9773-B0EE3FCC2187}.Release|Any CPU.ActiveCfg = Release|Any CPU
		{692468FA-B51C-4275-9773-B0EE3FCC2187}.Release|Any CPU.Build.0 = Release|Any CPU
		{692468FA-B51C-4275-9773-B0EE3FCC2187}.Release|x64.ActiveCfg = Release|Any CPU
		{692468FA-B51C-4275-9773-B0EE3FCC2187}.Release|x64.Build.0 = Release|Any CPU
		{692468FA-B51C-4275-9773-B0EE3FCC2187}.Release|x86.ActiveCfg = Release|Any CPU
		{692468FA-B51C-4275-9773-B0EE3FCC2187}.Release|x86.Build.0 = Release|Any CPU
		{B2478A47-3848-4A03-90CC-87B2A67C933B}.Debug|Any CPU.ActiveCfg = Debug|Any CPU
		{B2478A47-3848-4A03-90CC-87B2A67C933B}.Debug|Any CPU.Build.0 = Debug|Any CPU
		{B2478A47-3848-4A03-90CC-87B2A67C933B}.Debug|x64.ActiveCfg = Debug|Any CPU
		{B2478A47-3848-4A03-90CC-87B2A67C933B}.Debug|x64.Build.0 = Debug|Any CPU
		{B2478A47-3848-4A03-90CC-87B2A67C933B}.Debug|x86.ActiveCfg = Debug|Any CPU
		{B2478A47-3848-4A03-90CC-87B2A67C933B}.Debug|x86.Build.0 = Debug|Any CPU
		{B2478A47-3848-4A03-90CC-87B2A67C933B}.Release|Any CPU.ActiveCfg = Release|Any CPU
		{B2478A47-3848-4A03-90CC-87B2A67C933B}.Release|Any CPU.Build.0 = Release|Any CPU
		{B2478A47-3848-4A03-90CC-87B2A67C933B}.Release|x64.ActiveCfg = Release|Any CPU
		{B2478A47-3848-4A03-90CC-87B2A67C933B}.Release|x64.Build.0 = Release|Any CPU
		{B2478A47-3848-4A03-90CC-87B2A67C933B}.Release|x86.ActiveCfg = Release|Any CPU
		{B2478A47-3848-4A03-90CC-87B2A67C933B}.Release|x86.Build.0 = Release|Any CPU
	EndGlobalSection
	GlobalSection(SolutionProperties) = preSolution
		HideSolutionNode = FALSE
	EndGlobalSection
	GlobalSection(NestedProjects) = preSolution
		{A175809B-F35F-4B44-BFC9-EA426CB9DD3D} = {827E0CD3-B72D-47B6-A68D-7590B98EB39B}
		{E70DDE3C-D178-43C7-AE66-BABC322B4425} = {827E0CD3-B72D-47B6-A68D-7590B98EB39B}
		{E32A03EB-DC99-4D93-A163-D3FA9F7D138D} = {827E0CD3-B72D-47B6-A68D-7590B98EB39B}
		{692468FA-B51C-4275-9773-B0EE3FCC2187} = {0AB3BF05-4346-4AA6-1389-037BE0695223}
		{B2478A47-3848-4A03-90CC-87B2A67C933B} = {0AB3BF05-4346-4AA6-1389-037BE0695223}
	EndGlobalSection
EndGlobal
